{
  "name": "workspace",
  "version": "1.0.0",
  "lockfileVersion": 3,
  "requires": true,
  "packages": {
    "": {
      "name": "workspace",
      "version": "1.0.0",
      "license": "ISC",
      "dependencies": {
        "dotenv": "^17.4.2"
      },
      "devDependencies": {
        "vitest": "^4.1.10"
      },
      "engines": {
        "node": ">=20.19.0"
      }
    }
  }
}
