{
  "name": "workspace",
  "version": "1.0.0",
  "lockfileVersion": 3,
  "requires": true,
  "packages": {
    "": {
      "name": "workspace",
      "version": "1.0.0",
      "license": "ISC",
      "dependencies": {
        "@xmldom/xmldom": "0.9.12",
        "dotenv": "^17.4.2",
        "hono": "4.13.7",
        "js-yaml": "4.3.2"
      },
      "devDependencies": {
        "vitest": "^4.1.10"
      },
      "engines": {
        "node": ">=20.19.0"
      }
    }
  }
}
